
Microsoft Visual Studio Solution File, Format Version 12.00
# Visual Studio Version 16
VisualStudioVersion = 16.0.31025.194
MinimumVisualStudioVersion = 10.0.40219.1
Project("{FAE04EC0-301F-11D3-BF4B-00C04F79EFBC}") = "CsharpFileReader", "CsharpFileReader\CsharpFileReader.csproj", "{9FBEDF33-2DC0-4979-A294-E22985E53946}"
EndProject
Global
	GlobalSection(SolutionConfigurationPlatforms) = preSolution
		Debug|Any CPU = Debug|Any CPU
		Release|Any CPU = Release|Any CPU
	EndGlobalSection
	GlobalSection(ProjectConfigurationPlatforms) = postSolution
		{9FBEDF33-2DC0-4979-A294-E22985E53946}.Debug|Any CPU.ActiveCfg = Debug|Any CPU
		{9FBEDF33-2DC0-4979-A294-E22985E53946}.Debug|Any CPU.Build.0 = Debug|Any CPU
		{9FBEDF33-2DC0-4979-A294-E22985E53946}.Release|Any CPU.ActiveCfg = Release|Any CPU
		{9FBEDF33-2DC0-4979-A294-E22985E53946}.Release|Any CPU.Build.0 = Release|Any CPU
	EndGlobalSection
	GlobalSection(SolutionProperties) = preSolution
		HideSolutionNode = FALSE
	EndGlobalSection
	GlobalSection(ExtensibilityGlobals) = postSolution
		SolutionGuid = {1EBA5ED2-AA0F-4D00-9647-EBD0E84F69B8}
	EndGlobalSection
EndGlobal
